
Microsoft Visual Studio Solution File, Format Version 12.00
# Visual Studio Version 17
VisualStudioVersion = 17.8.34511.84
MinimumVisualStudioVersion = 10.0.40219.1
Project("{FAE04EC0-301F-11D3-BF4B-00C04F79EFBC}") = "PasthaneOtomasyon", "PasthaneOtomasyon\PasthaneOtomasyon.csproj", "{C30D94D2-2356-4724-A371-75F6835A38C5}"
EndProject
Global
	GlobalSection(SolutionConfigurationPlatforms) = preSolution
		Debug|Any CPU = Debug|Any CPU
		Release|Any CPU = Release|Any CPU
	EndGlobalSection
	GlobalSection(ProjectConfigurationPlatforms) = postSolution
		{C30D94D2-2356-4724-A371-75F6835A38C5}.Debug|Any CPU.ActiveCfg = Debug|Any CPU
		{C30D94D2-2356-4724-A371-75F6835A38C5}.Debug|Any CPU.Build.0 = Debug|Any CPU
		{C30D94D2-2356-4724-A371-75F6835A38C5}.Release|Any CPU.ActiveCfg = Release|Any CPU
		{C30D94D2-2356-4724-A371-75F6835A38C5}.Release|Any CPU.Build.0 = Release|Any CPU
	EndGlobalSection
	GlobalSection(SolutionProperties) = preSolution
		HideSolutionNode = FALSE
	EndGlobalSection
	GlobalSection(ExtensibilityGlobals) = postSolution
		SolutionGuid = {F1DD86AE-9F4F-4FF2-A8FC-EC9DA68494AB}
	EndGlobalSection
EndGlobal
